
Microsoft Visual Studio Solution File, Format Version 12.00
# Visual Studio Version 16
VisualStudioVersion = 25.0.1706.14
MinimumVisualStudioVersion = 10.0.40219.1
Project("{FAE04EC0-301F-11D3-BF4B-00C04F79EFBC}") = "ASeric00-lab-07", "ASeric00-lab-07\ASeric00-lab-07.csproj", "{DBA6E446-CD70-46FD-AE5D-AC39B834441F}"
EndProject
Global
	GlobalSection(SolutionConfigurationPlatforms) = preSolution
		Debug|Any CPU = Debug|Any CPU
		Release|Any CPU = Release|Any CPU
	EndGlobalSection
	GlobalSection(ProjectConfigurationPlatforms) = postSolution
		{DBA6E446-CD70-46FD-AE5D-AC39B834441F}.Debug|Any CPU.ActiveCfg = Debug|Any CPU
		{DBA6E446-CD70-46FD-AE5D-AC39B834441F}.Debug|Any CPU.Build.0 = Debug|Any CPU
		{DBA6E446-CD70-46FD-AE5D-AC39B834441F}.Release|Any CPU.ActiveCfg = Release|Any CPU
		{DBA6E446-CD70-46FD-AE5D-AC39B834441F}.Release|Any CPU.Build.0 = Release|Any CPU
	EndGlobalSection
	GlobalSection(SolutionProperties) = preSolution
		HideSolutionNode = FALSE
	EndGlobalSection
	GlobalSection(ExtensibilityGlobals) = postSolution
		SolutionGuid = {F1A283FA-09C3-4F6F-A6D8-9B834C86FA9C}
	EndGlobalSection
EndGlobal
